
Microsoft Visual Studio Solution File, Format Version 12.00
# Visual Studio Version 17
VisualStudioVersion = 17.1.31911.260
MinimumVisualStudioVersion = 10.0.40219.1
Project("{9A19103F-16F7-4668-BE54-9A1E7A4F7556}") = "SettingsUI", "SettingsUI\SettingsUI.csproj", "{CCBFD9A2-25AC-46C2-9354-84DF78743F6F}"
EndProject
Global
	GlobalSection(SolutionConfigurationPlatforms) = preSolution
		Debug|Any CPU = Debug|Any CPU
		Debug|arm64 = Debug|arm64
		Debug|x64 = Debug|x64
		Debug|x86 = Debug|x86
		Release|Any CPU = Release|Any CPU
		Release|arm64 = Release|arm64
		Release|x64 = Release|x64
		Release|x86 = Release|x86
	EndGlobalSection
	GlobalSection(ProjectConfigurationPlatforms) = postSolution
		{CCBFD9A2-25AC-46C2-9354-84DF78743F6F}.Debug|Any CPU.ActiveCfg = Debug|Any CPU
		{CCBFD9A2-25AC-46C2-9354-84DF78743F6F}.Debug|Any CPU.Build.0 = Debug|Any CPU
		{CCBFD9A2-25AC-46C2-9354-84DF78743F6F}.Debug|arm64.ActiveCfg = Debug|Any CPU
		{CCBFD9A2-25AC-46C2-9354-84DF78743F6F}.Debug|arm64.Build.0 = Debug|Any CPU
		{CCBFD9A2-25AC-46C2-9354-84DF78743F6F}.Debug|x64.ActiveCfg = Debug|Any CPU
		{CCBFD9A2-25AC-46C2-9354-84DF78743F6F}.Debug|x64.Build.0 = Debug|Any CPU
		{CCBFD9A2-25AC-46C2-9354-84DF78743F6F}.Debug|x86.ActiveCfg = Debug|Any CPU
		{CCBFD9A2-25AC-46C2-9354-84DF78743F6F}.Debug|x86.Build.0 = Debug|Any CPU
		{CCBFD9A2-25AC-46C2-9354-84DF78743F6F}.Release|Any CPU.ActiveCfg = Release|Any CPU
		{CCBFD9A2-25AC-46C2-9354-84DF78743F6F}.Release|Any CPU.Build.0 = Release|Any CPU
		{CCBFD9A2-25AC-46C2-9354-84DF78743F6F}.Release|arm64.ActiveCfg = Release|Any CPU
		{CCBFD9A2-25AC-46C2-9354-84DF78743F6F}.Release|arm64.Build.0 = Release|Any CPU
		{CCBFD9A2-25AC-46C2-9354-84DF78743F6F}.Release|x64.ActiveCfg = Release|Any CPU
		{CCBFD9A2-25AC-46C2-9354-84DF78743F6F}.Release|x64.Build.0 = Release|Any CPU
		{CCBFD9A2-25AC-46C2-9354-84DF78743F6F}.Release|x86.ActiveCfg = Release|Any CPU
		{CCBFD9A2-25AC-46C2-9354-84DF78743F6F}.Release|x86.Build.0 = Release|Any CPU
	EndGlobalSection
	GlobalSection(SolutionProperties) = preSolution
		HideSolutionNode = FALSE
	EndGlobalSection
	GlobalSection(ExtensibilityGlobals) = postSolution
		SolutionGuid = {8EC8FA90-743D-4F2F-BE42-05D45AFD684F}
	EndGlobalSection
EndGlobal
